// !$*UTF8*$!
{
	archiveVersion = 1;
	classes = {
	};
	objectVersion = 55;
	objects = {

/* Begin PBXBuildFile section */
		2C9897452778BB9A00AF4764 /* AppDelegate.swift in Sources */ = {isa = PBXBuildFile; fileRef = 2C9897442778BB9A00AF4764 /* AppDelegate.swift */; };
		2C9897472778BB9A00AF4764 /* SceneDelegate.swift in Sources */ = {isa = PBXBuildFile; fileRef = 2C9897462778BB9A00AF4764 /* SceneDelegate.swift */; };
		2C9897492778BB9A00AF4764 /* ViewController.swift in Sources */ = {isa = PBXBuildFile; fileRef = 2C9897482778BB9A00AF4764 /* ViewController.swift */; };
		2C98974C2778BB9A00AF4764 /* Main.storyboard in Resources */ = {isa = PBXBuildFile; fileRef = 2C98974A2778BB9A00AF4764 /* Main.storyboard */; };
		2C98974E2778BB9D00AF4764 /* Assets.xcassets in Resources */ = {isa = PBXBuildFile; fileRef = 2C98974D2778BB9D00AF4764 /* Assets.xcassets */; };
		2C9897512778BB9D00AF4764 /* LaunchScreen.storyboard in Resources */ = {isa = PBXBuildFile; fileRef = 2C98974F2778BB9D00AF4764 /* LaunchScreen.storyboard */; };
		2C98975C2778BB9D00AF4764 /* Alamofire_sample0Tests.swift in Sources */ = {isa = PBXBuildFile; fileRef = 2C98975B2778BB9D00AF4764 /* Alamofire_sample0Tests.swift */; };
		2C9897662778BB9D00AF4764 /* Alamofire_sample0UITests.swift in Sources */ = {isa = PBXBuildFile; fileRef = 2C9897652778BB9D00AF4764 /* Alamofire_sample0UITests.swift */; };
		2C9897682778BB9D00AF4764 /* Alamofire_sample0UITestsLaunchTests.swift in Sources */ = {isa = PBXBuildFile; fileRef = 2C9897672778BB9D00AF4764 /* Alamofire_sample0UITestsLaunchTests.swift */; };
		3918EC7C61FDB16649AF9E5F /* Pods_Alamofire_sample0Tests.framework in Frameworks */ = {isa = PBXBuildFile; fileRef = 299481152F9802991C61FCF3 /* Pods_Alamofire_sample0Tests.framework */; };
		ABFC459D1D363DF7B6A4D424 /* Pods_Alamofire_sample0_Alamofire_sample0UITests.framework in Frameworks */ = {isa = PBXBuildFile; fileRef = 330B3C41D340D6ADFD0E0BBC /* Pods_Alamofire_sample0_Alamofire_sample0UITests.framework */; };
		BDE23B2E265A2FC3E948276C /* Pods_Alamofire_sample0.framework in Frameworks */ = {isa = PBXBuildFile; fileRef = A689ED0864C54AACE0E82732 /* Pods_Alamofire_sample0.framework */; };
/* End PBXBuildFile section */

/* Begin PBXContainerItemProxy section */
		2C9897582778BB9D00AF4764 /* PBXContainerItemProxy */ = {
			isa = PBXContainerItemProxy;
			containerPortal = 2C9897392778BB9A00AF4764 /* Project object */;
			proxyType = 1;
			remoteGlobalIDString = 2C9897402778BB9A00AF4764;
			remoteInfo = "Alamofire-sample0";
		};
		2C9897622778BB9D00AF4764 /* PBXContainerItemProxy */ = {
			isa = PBXContainerItemProxy;
			containerPortal = 2C9897392778BB9A00AF4764 /* Project object */;
			proxyType = 1;
			remoteGlobalIDString = 2C9897402778BB9A00AF4764;
			remoteInfo = "Alamofire-sample0";
		};
/* End PBXContainerItemProxy section */

/* Begin PBXFileReference section */
		00B6D2A174DB3F67BC0BFC16 /* Pods-Alamofire-sample0.debug.xcconfig */ = {isa = PBXFileReference; includeInIndex = 1; lastKnownFileType = text.xcconfig; name = "Pods-Alamofire-sample0.debug.xcconfig"; path = "Target Support Files/Pods-Alamofire-sample0/Pods-Alamofire-sample0.debug.xcconfig"; sourceTree = "<group>"; };
		0BAE47A4F680C4A3CB4E3592 /* Pods-Alamofire-sample0-Alamofire-sample0UITests.release.xcconfig */ = {isa = PBXFileReference; includeInIndex = 1; lastKnownFileType = text.xcconfig; name = "Pods-Alamofire-sample0-Alamofire-sample0UITests.release.xcconfig"; path = "Target Support Files/Pods-Alamofire-sample0-Alamofire-sample0UITests/Pods-Alamofire-sample0-Alamofire-sample0UITests.release.xcconfig"; sourceTree = "<group>"; };
		299481152F9802991C61FCF3 /* Pods_Alamofire_sample0Tests.framework */ = {isa = PBXFileReference; explicitFileType = wrapper.framework; includeInIndex = 0; path = Pods_Alamofire_sample0Tests.framework; sourceTree = BUILT_PRODUCTS_DIR; };
		2C9897412778BB9A00AF4764 /* Alamofire-sample0.app */ = {isa = PBXFileReference; explicitFileType = wrapper.application; includeInIndex = 0; path = "Alamofire-sample0.app"; sourceTree = BUILT_PRODUCTS_DIR; };
		2C9897442778BB9A00AF4764 /* AppDelegate.swift */ = {isa = PBXFileReference; lastKnownFileType = sourcecode.swift; path = AppDelegate.swift; sourceTree = "<group>"; };
		2C9897462778BB9A00AF4764 /* SceneDelegate.swift */ = {isa = PBXFileReference; lastKnownFileType = sourcecode.swift; path = SceneDelegate.swift; sourceTree = "<group>"; };
		2C9897482778BB9A00AF4764 /* ViewController.swift */ = {isa = PBXFileReference; lastKnownFileType = sourcecode.swift; path = ViewController.swift; sourceTree = "<group>"; };
		2C98974B2778BB9A00AF4764 /* Base */ = {isa = PBXFileReference; lastKnownFileType = file.storyboard; name = Base; path = Base.lproj/Main.storyboard; sourceTree = "<group>"; };
		2C98974D2778BB9D00AF4764 /* Assets.xcassets */ = {isa = PBXFileReference; lastKnownFileType = folder.assetcatalog; path = Assets.xcassets; sourceTree = "<group>"; };
		2C9897502778BB9D00AF4764 /* Base */ = {isa = PBXFileReference; lastKnownFileType = file.storyboard; name = Base; path = Base.lproj/LaunchScreen.storyboard; sourceTree = "<group>"; };
		2C9897522778BB9D00AF4764 /* Info.plist */ = {isa = PBXFileReference; lastKnownFileType = text.plist.xml; path = Info.plist; sourceTree = "<group>"; };
		2C9897572778BB9D00AF4764 /* Alamofire-sample0Tests.xctest */ = {isa = PBXFileReference; explicitFileType = wrapper.cfbundle; includeInIndex = 0; path = "Alamofire-sample0Tests.xctest"; sourceTree = BUILT_PRODUCTS_DIR; };
		2C98975B2778BB9D00AF4764 /* Alamofire_sample0Tests.swift */ = {isa = PBXFileReference; lastKnownFileType = sourcecode.swift; path = Alamofire_sample0Tests.swift; sourceTree = "<group>"; };
		2C9897612778BB9D00AF4764 /* Alamofire-sample0UITests.xctest */ = {isa = PBXFileReference; explicitFileType = wrapper.cfbundle; includeInIndex = 0; path = "Alamofire-sample0UITests.xctest"; sourceTree = BUILT_PRODUCTS_DIR; };
		2C9897652778BB9D00AF4764 /* Alamofire_sample0UITests.swift */ = {isa = PBXFileReference; lastKnownFileType = sourcecode.swift; path = Alamofire_sample0UITests.swift; sourceTree = "<group>"; };
		2C9897672778BB9D00AF4764 /* Alamofire_sample0UITestsLaunchTests.swift */ = {isa = PBXFileReference; lastKnownFileType = sourcecode.swift; path = Alamofire_sample0UITestsLaunchTests.swift; sourceTree = "<group>"; };
		330B3C41D340D6ADFD0E0BBC /* Pods_Alamofire_sample0_Alamofire_sample0UITests.framework */ = {isa = PBXFileReference; explicitFileType = wrapper.framework; includeInIndex = 0; path = Pods_Alamofire_sample0_Alamofire_sample0UITests.framework; sourceTree = BUILT_PRODUCTS_DIR; };
		388A4139BE01E281D88BC4E1 /* Pods-Alamofire-sample0Tests.release.xcconfig */ = {isa = PBXFileReference; includeInIndex = 1; lastKnownFileType = text.xcconfig; name = "Pods-Alamofire-sample0Tests.release.xcconfig"; path = "Target Support Files/Pods-Alamofire-sample0Tests/Pods-Alamofire-sample0Tests.release.xcconfig"; sourceTree = "<group>"; };
		810B92060B88912CCD3DD4F6 /* Pods-Alamofire-sample0-Alamofire-sample0UITests.debug.xcconfig */ = {isa = PBXFileReference; includeInIndex = 1; lastKnownFileType = text.xcconfig; name = "Pods-Alamofire-sample0-Alamofire-sample0UITests.debug.xcconfig"; path = "Target Support Files/Pods-Alamofire-sample0-Alamofire-sample0UITests/Pods-Alamofire-sample0-Alamofire-sample0UITests.debug.xcconfig"; sourceTree = "<group>"; };
		A39992732550136E8FA3DA04 /* Pods-Alamofire-sample0.release.xcconfig */ = {isa = PBXFileReference; includeInIndex = 1; lastKnownFileType = text.xcconfig; name = "Pods-Alamofire-sample0.release.xcconfig"; path = "Target Support Files/Pods-Alamofire-sample0/Pods-Alamofire-sample0.release.xcconfig"; sourceTree = "<group>"; };
		A689ED0864C54AACE0E82732 /* Pods_Alamofire_sample0.framework */ = {isa = PBXFileReference; explicitFileType = wrapper.framework; includeInIndex = 0; path = Pods_Alamofire_sample0.framework; sourceTree = BUILT_PRODUCTS_DIR; };
		A97BDCC330609848A1C74CBB /* Pods-Alamofire-sample0Tests.debug.xcconfig */ = {isa = PBXFileReference; includeInIndex = 1; lastKnownFileType = text.xcconfig; name = "Pods-Alamofire-sample0Tests.debug.xcconfig"; path = "Target Support Files/Pods-Alamofire-sample0Tests/Pods-Alamofire-sample0Tests.debug.xcconfig"; sourceTree = "<group>"; };
/* End PBXFileReference section */

/* Begin PBXFrameworksBuildPhase section */
		2C98973E2778BB9A00AF4764 /* Frameworks */ = {
			isa = PBXFrameworksBuildPhase;
			buildActionMask = 2147483647;
			files = (
				BDE23B2E265A2FC3E948276C /* Pods_Alamofire_sample0.framework in Frameworks */,
			);
			runOnlyForDeploymentPostprocessing = 0;
		};
		2C9897542778BB9D00AF4764 /* Frameworks */ = {
			isa = PBXFrameworksBuildPhase;
			buildActionMask = 2147483647;
			files = (
				3918EC7C61FDB16649AF9E5F /* Pods_Alamofire_sample0Tests.framework in Frameworks */,
			);
			runOnlyForDeploymentPostprocessing = 0;
		};
		2C98975E2778BB9D00AF4764 /* Frameworks */ = {
			isa = PBXFrameworksBuildPhase;
			buildActionMask = 2147483647;
			files = (
				ABFC459D1D363DF7B6A4D424 /* Pods_Alamofire_sample0_Alamofire_sample0UITests.framework in Frameworks */,
			);
			runOnlyForDeploymentPostprocessing = 0;
		};
/* End PBXFrameworksBuildPhase section */

/* Begin PBXGroup section */
		015D62A77073E8BCEE82C54C /* Pods */ = {
			isa = PBXGroup;
			children = (
				00B6D2A174DB3F67BC0BFC16 /* Pods-Alamofire-sample0.debug.xcconfig */,
				A39992732550136E8FA3DA04 /* Pods-Alamofire-sample0.release.xcconfig */,
				810B92060B88912CCD3DD4F6 /* Pods-Alamofire-sample0-Alamofire-sample0UITests.debug.xcconfig */,
				0BAE47A4F680C4A3CB4E3592 /* Pods-Alamofire-sample0-Alamofire-sample0UITests.release.xcconfig */,
				A97BDCC330609848A1C74CBB /* Pods-Alamofire-sample0Tests.debug.xcconfig */,
				388A4139BE01E281D88BC4E1 /* Pods-Alamofire-sample0Tests.release.xcconfig */,
			);
			name = Pods;
			path = Pods;
			sourceTree = "<group>";
		};
		2C9897382778BB9A00AF4764 = {
			isa = PBXGroup;
			children = (
				2C9897432778BB9A00AF4764 /* Alamofire-sample0 */,
				2C98975A2778BB9D00AF4764 /* Alamofire-sample0Tests */,
				2C9897642778BB9D00AF4764 /* Alamofire-sample0UITests */,
				2C9897422778BB9A00AF4764 /* Products */,
				015D62A77073E8BCEE82C54C /* Pods */,
				BC1AD5AC2A7E29EEBEC50F18 /* Frameworks */,
			);
			sourceTree = "<group>";
		};
		2C9897422778BB9A00AF4764 /* Products */ = {
			isa = PBXGroup;
			children = (
				2C9897412778BB9A00AF4764 /* Alamofire-sample0.app */,
				2C9897572778BB9D00AF4764 /* Alamofire-sample0Tests.xctest */,
				2C9897612778BB9D00AF4764 /* Alamofire-sample0UITests.xctest */,
			);
			name = Products;
			sourceTree = "<group>";
		};
		2C9897432778BB9A00AF4764 /* Alamofire-sample0 */ = {
			isa = PBXGroup;
			children = (
				2C9897442778BB9A00AF4764 /* AppDelegate.swift */,
				2C9897462778BB9A00AF4764 /* SceneDelegate.swift */,
				2C9897482778BB9A00AF4764 /* ViewController.swift */,
				2C98974A2778BB9A00AF4764 /* Main.storyboard */,
				2C98974D2778BB9D00AF4764 /* Assets.xcassets */,
				2C98974F2778BB9D00AF4764 /* LaunchScreen.storyboard */,
				2C9897522778BB9D00AF4764 /* Info.plist */,
			);
			path = "Alamofire-sample0";
			sourceTree = "<group>";
		};
		2C98975A2778BB9D00AF4764 /* Alamofire-sample0Tests */ = {
			isa = PBXGroup;
			children = (
				2C98975B2778BB9D00AF4764 /* Alamofire_sample0Tests.swift */,
			);
			path = "Alamofire-sample0Tests";
			sourceTree = "<group>";
		};
		2C9897642778BB9D00AF4764 /* Alamofire-sample0UITests */ = {
			isa = PBXGroup;
			children = (
				2C9897652778BB9D00AF4764 /* Alamofire_sample0UITests.swift */,
				2C9897672778BB9D00AF4764 /* Alamofire_sample0UITestsLaunchTests.swift */,
			);
			path = "Alamofire-sample0UITests";
			sourceTree = "<group>";
		};
		BC1AD5AC2A7E29EEBEC50F18 /* Frameworks */ = {
			isa = PBXGroup;
			children = (
				A689ED0864C54AACE0E82732 /* Pods_Alamofire_sample0.framework */,
				330B3C41D340D6ADFD0E0BBC /* Pods_Alamofire_sample0_Alamofire_sample0UITests.framework */,
				299481152F9802991C61FCF3 /* Pods_Alamofire_sample0Tests.framework */,
			);
			name = Frameworks;
			sourceTree = "<group>";
		};
/* End PBXGroup section */

/* Begin PBXNativeTarget section */
		2C9897402778BB9A00AF4764 /* Alamofire-sample0 */ = {
			isa = PBXNativeTarget;
			buildConfigurationList = 2C98976B2778BB9D00AF4764 /* Build configuration list for PBXNativeTarget "Alamofire-sample0" */;
			buildPhases = (
				3E1D869AE5790B6DC65F51AD /* [CP] Check Pods Manifest.lock */,
				2C98973D2778BB9A00AF4764 /* Sources */,
				2C98973E2778BB9A00AF4764 /* Frameworks */,
				2C98973F2778BB9A00AF4764 /* Resources */,
				83D1F31620B298D1BAA1E3E5 /* [CP] Embed Pods Frameworks */,
			);
			buildRules = (
			);
			dependencies = (
			);
			name = "Alamofire-sample0";
			productName = "Alamofire-sample0";
			productReference = 2C9897412778BB9A00AF4764 /* Alamofire-sample0.app */;
			productType = "com.apple.product-type.application";
		};
		2C9897562778BB9D00AF4764 /* Alamofire-sample0Tests */ = {
			isa = PBXNativeTarget;
			buildConfigurationList = 2C98976E2778BB9D00AF4764 /* Build configuration list for PBXNativeTarget "Alamofire-sample0Tests" */;
			buildPhases = (
				2C452BF6C0558428DB34D06E /* [CP] Check Pods Manifest.lock */,
				2C9897532778BB9D00AF4764 /* Sources */,
				2C9897542778BB9D00AF4764 /* Frameworks */,
				2C9897552778BB9D00AF4764 /* Resources */,
			);
			buildRules = (
			);
			dependencies = (
				2C9897592778BB9D00AF4764 /* PBXTargetDependency */,
			);
			name = "Alamofire-sample0Tests";
			productName = "Alamofire-sample0Tests";
			productReference = 2C9897572778BB9D00AF4764 /* Alamofire-sample0Tests.xctest */;
			productType = "com.apple.product-type.bundle.unit-test";
		};
		2C9897602778BB9D00AF4764 /* Alamofire-sample0UITests */ = {
			isa = PBXNativeTarget;
			buildConfigurationList = 2C9897712778BB9D00AF4764 /* Build configuration list for PBXNativeTarget "Alamofire-sample0UITests" */;
			buildPhases = (
				9620F65EC86D007111CE819F /* [CP] Check Pods Manifest.lock */,
				2C98975D2778BB9D00AF4764 /* Sources */,
				2C98975E2778BB9D00AF4764 /* Frameworks */,
				2C98975F2778BB9D00AF4764 /* Resources */,
				5ECF32AF7D8F7F92B6B2D4EC /* [CP] Embed Pods Frameworks */,
			);
			buildRules = (
			);
			dependencies = (
				2C9897632778BB9D00AF4764 /* PBXTargetDependency */,
			);
			name = "Alamofire-sample0UITests";
			productName = "Alamofire-sample0UITests";
			productReference = 2C9897612778BB9D00AF4764 /* Alamofire-sample0UITests.xctest */;
			productType = "com.apple.product-type.bundle.ui-testing";
		};
/* End PBXNativeTarget section */

/* Begin PBXProject section */
		2C9897392778BB9A00AF4764 /* Project object */ = {
			isa = PBXProject;
			attributes = {
				BuildIndependentTargetsInParallel = 1;
				LastSwiftUpdateCheck = 1300;
				LastUpgradeCheck = 1300;
				TargetAttributes = {
					2C9897402778BB9A00AF4764 = {
						CreatedOnToolsVersion = 13.0;
					};
					2C9897562778BB9D00AF4764 = {
						CreatedOnToolsVersion = 13.0;
						TestTargetID = 2C9897402778BB9A00AF4764;
					};
					2C9897602778BB9D00AF4764 = {
						CreatedOnToolsVersion = 13.0;
						TestTargetID = 2C9897402778BB9A00AF4764;
					};
				};
			};
			buildConfigurationList = 2C98973C2778BB9A00AF4764 /* Build configuration list for PBXProject "Alamofire-sample0" */;
			compatibilityVersion = "Xcode 13.0";
			developmentRegion = en;
			hasScannedForEncodings = 0;
			knownRegions = (
				en,
				Base,
			);
			mainGroup = 2C9897382778BB9A00AF4764;
			productRefGroup = 2C9897422778BB9A00AF4764 /* Products */;
			projectDirPath = "";
			projectRoot = "";
			targets = (
				2C9897402778BB9A00AF4764 /* Alamofire-sample0 */,
				2C9897562778BB9D00AF4764 /* Alamofire-sample0Tests */,
				2C9897602778BB9D00AF4764 /* Alamofire-sample0UITests */,
			);
		};
/* End PBXProject section */

/* Begin PBXResourcesBuildPhase section */
		2C98973F2778BB9A00AF4764 /* Resources */ = {
			isa = PBXResourcesBuildPhase;
			buildActionMask = 2147483647;
			files = (
				2C9897512778BB9D00AF4764 /* LaunchScreen.storyboard in Resources */,
				2C98974E2778BB9D00AF4764 /* Assets.xcassets in Resources */,
				2C98974C2778BB9A00AF4764 /* Main.storyboard in Resources */,
			);
			runOnlyForDeploymentPostprocessing = 0;
		};
		2C9897552778BB9D00AF4764 /* Resources */ = {
			isa = PBXResourcesBuildPhase;
			buildActionMask = 2147483647;
			files = (
			);
			runOnlyForDeploymentPostprocessing = 0;
		};
		2C98975F2778BB9D00AF4764 /* Resources */ = {
			isa = PBXResourcesBuildPhase;
			buildActionMask = 2147483647;
			files = (
			);
			runOnlyForDeploymentPostprocessing = 0;
		};
/* End PBXResourcesBuildPhase section */

/* Begin PBXShellScriptBuildPhase section */
		2C452BF6C0558428DB34D06E /* [CP] Check Pods Manifest.lock */ = {
			isa = PBXShellScriptBuildPhase;
			buildActionMask = 2147483647;
			files = (
			);
			inputFileListPaths = (
			);
			inputPaths = (
				"${PODS_PODFILE_DIR_PATH}/Podfile.lock",
				"${PODS_ROOT}/Manifest.lock",
			);
			name = "[CP] Check Pods Manifest.lock";
			outputFileListPaths = (
			);
			outputPaths = (
				"$(DERIVED_FILE_DIR)/Pods-Alamofire-sample0Tests-checkManifestLockResult.txt",
			);
			runOnlyForDeploymentPostprocessing = 0;
			shellPath = /bin/sh;
			shellScript = "diff \"${PODS_PODFILE_DIR_PATH}/Podfile.lock\" \"${PODS_ROOT}/Manifest.lock\" > /dev/null\nif [ $? != 0 ] ; then\n    # print error to STDERR\n    echo \"error: The sandbox is not in sync with the Podfile.lock. Run 'pod install' or update your CocoaPods installation.\" >&2\n    exit 1\nfi\n# This output is used by Xcode 'outputs' to avoid re-running this script phase.\necho \"SUCCESS\" > \"${SCRIPT_OUTPUT_FILE_0}\"\n";
			showEnvVarsInLog = 0;
		};
		3E1D869AE5790B6DC65F51AD /* [CP] Check Pods Manifest.lock */ = {
			isa = PBXShellScriptBuildPhase;
			buildActionMask = 2147483647;
			files = (
			);
			inputFileListPaths = (
			);
			inputPaths = (
				"${PODS_PODFILE_DIR_PATH}/Podfile.lock",
				"${PODS_ROOT}/Manifest.lock",
			);
			name = "[CP] Check Pods Manifest.lock";
			outputFileListPaths = (
			);
			outputPaths = (
				"$(DERIVED_FILE_DIR)/Pods-Alamofire-sample0-checkManifestLockResult.txt",
			);
			runOnlyForDeploymentPostprocessing = 0;
			shellPath = /bin/sh;
			shellScript = "diff \"${PODS_PODFILE_DIR_PATH}/Podfile.lock\" \"${PODS_ROOT}/Manifest.lock\" > /dev/null\nif [ $? != 0 ] ; then\n    # print error to STDERR\n    echo \"error: The sandbox is not in sync with the Podfile.lock. Run 'pod install' or update your CocoaPods installation.\" >&2\n    exit 1\nfi\n# This output is used by Xcode 'outputs' to avoid re-running this script phase.\necho \"SUCCESS\" > \"${SCRIPT_OUTPUT_FILE_0}\"\n";
			showEnvVarsInLog = 0;
		};
		5ECF32AF7D8F7F92B6B2D4EC /* [CP] Embed Pods Frameworks */ = {
			isa = PBXShellScriptBuildPhase;
			buildActionMask = 2147483647;
			files = (
			);
			inputFileListPaths = (
				"${PODS_ROOT}/Target Support Files/Pods-Alamofire-sample0-Alamofire-sample0UITests/Pods-Alamofire-sample0-Alamofire-sample0UITests-frameworks-${CONFIGURATION}-input-files.xcfilelist",
			);
			name = "[CP] Embed Pods Frameworks";
			outputFileListPaths = (
				"${PODS_ROOT}/Target Support Files/Pods-Alamofire-sample0-Alamofire-sample0UITests/Pods-Alamofire-sample0-Alamofire-sample0UITests-frameworks-${CONFIGURATION}-output-files.xcfilelist",
			);
			runOnlyForDeploymentPostprocessing = 0;
			shellPath = /bin/sh;
			shellScript = "\"${PODS_ROOT}/Target Support Files/Pods-Alamofire-sample0-Alamofire-sample0UITests/Pods-Alamofire-sample0-Alamofire-sample0UITests-frameworks.sh\"\n";
			showEnvVarsInLog = 0;
		};
		83D1F31620B298D1BAA1E3E5 /* [CP] Embed Pods Frameworks */ = {
			isa = PBXShellScriptBuildPhase;
			buildActionMask = 2147483647;
			files = (
			);
			inputFileListPaths = (
				"${PODS_ROOT}/Target Support Files/Pods-Alamofire-sample0/Pods-Alamofire-sample0-frameworks-${CONFIGURATION}-input-files.xcfilelist",
			);
			name = "[CP] Embed Pods Frameworks";
			outputFileListPaths = (
				"${PODS_ROOT}/Target Support Files/Pods-Alamofire-sample0/Pods-Alamofire-sample0-frameworks-${CONFIGURATION}-output-files.xcfilelist",
			);
			runOnlyForDeploymentPostprocessing = 0;
			shellPath = /bin/sh;
			shellScript = "\"${PODS_ROOT}/Target Support Files/Pods-Alamofire-sample0/Pods-Alamofire-sample0-frameworks.sh\"\n";
			showEnvVarsInLog = 0;
		};
		9620F65EC86D007111CE819F /* [CP] Check Pods Manifest.lock */ = {
			isa = PBXShellScriptBuildPhase;
			buildActionMask = 2147483647;
			files = (
			);
			inputFileListPaths = (
			);
			inputPaths = (
				"${PODS_PODFILE_DIR_PATH}/Podfile.lock",
				"${PODS_ROOT}/Manifest.lock",
			);
			name = "[CP] Check Pods Manifest.lock";
			outputFileListPaths = (
			);
			outputPaths = (
				"$(DERIVED_FILE_DIR)/Pods-Alamofire-sample0-Alamofire-sample0UITests-checkManifestLockResult.txt",
			);
			runOnlyForDeploymentPostprocessing = 0;
			shellPath = /bin/sh;
			shellScript = "diff \"${PODS_PODFILE_DIR_PATH}/Podfile.lock\" \"${PODS_ROOT}/Manifest.lock\" > /dev/null\nif [ $? != 0 ] ; then\n    # print error to STDERR\n    echo \"error: The sandbox is not in sync with the Podfile.lock. Run 'pod install' or update your CocoaPods installation.\" >&2\n    exit 1\nfi\n# This output is used by Xcode 'outputs' to avoid re-running this script phase.\necho \"SUCCESS\" > \"${SCRIPT_OUTPUT_FILE_0}\"\n";
			showEnvVarsInLog = 0;
		};
/* End PBXShellScriptBuildPhase section */

/* Begin PBXSourcesBuildPhase section */
		2C98973D2778BB9A00AF4764 /* Sources */ = {
			isa = PBXSourcesBuildPhase;
			buildActionMask = 2147483647;
			files = (
				2C9897492778BB9A00AF4764 /* ViewController.swift in Sources */,
				2C9897452778BB9A00AF4764 /* AppDelegate.swift in Sources */,
				2C9897472778BB9A00AF4764 /* SceneDelegate.swift in Sources */,
			);
			runOnlyForDeploymentPostprocessing = 0;
		};
		2C9897532778BB9D00AF4764 /* Sources */ = {
			isa = PBXSourcesBuildPhase;
			buildActionMask = 2147483647;
			files = (
				2C98975C2778BB9D00AF4764 /* Alamofire_sample0Tests.swift in Sources */,
			);
			runOnlyForDeploymentPostprocessing = 0;
		};
		2C98975D2778BB9D00AF4764 /* Sources */ = {
			isa = PBXSourcesBuildPhase;
			buildActionMask = 2147483647;
			files = (
				2C9897682778BB9D00AF4764 /* Alamofire_sample0UITestsLaunchTests.swift in Sources */,
				2C9897662778BB9D00AF4764 /* Alamofire_sample0UITests.swift in Sources */,
			);
			runOnlyForDeploymentPostprocessing = 0;
		};
/* End PBXSourcesBuildPhase section */

/* Begin PBXTargetDependency section */
		2C9897592778BB9D00AF4764 /* PBXTargetDependency */ = {
			isa = PBXTargetDependency;
			target = 2C9897402778BB9A00AF4764 /* Alamofire-sample0 */;
			targetProxy = 2C9897582778BB9D00AF4764 /* PBXContainerItemProxy */;
		};
		2C9897632778BB9D00AF4764 /* PBXTargetDependency */ = {
			isa = PBXTargetDependency;
			target = 2C9897402778BB9A00AF4764 /* Alamofire-sample0 */;
			targetProxy = 2C9897622778BB9D00AF4764 /* PBXContainerItemProxy */;
		};
/* End PBXTargetDependency section */

/* Begin PBXVariantGroup section */
		2C98974A2778BB9A00AF4764 /* Main.storyboard */ = {
			isa = PBXVariantGroup;
			children = (
				2C98974B2778BB9A00AF4764 /* Base */,
			);
			name = Main.storyboard;
			sourceTree = "<group>";
		};
		2C98974F2778BB9D00AF4764 /* LaunchScreen.storyboard */ = {
			isa = PBXVariantGroup;
			children = (
				2C9897502778BB9D00AF4764 /* Base */,
			);
			name = LaunchScreen.storyboard;
			sourceTree = "<group>";
		};
/* End PBXVariantGroup section */

/* Begin XCBuildConfiguration section */
		2C9897692778BB9D00AF4764 /* Debug */ = {
			isa = XCBuildConfiguration;
			buildSettings = {
				ALWAYS_SEARCH_USER_PATHS = NO;
				CLANG_ANALYZER_NONNULL = YES;
				CLANG_ANALYZER_NUMBER_OBJECT_CONVERSION = YES_AGGRESSIVE;
				CLANG_CXX_LANGUAGE_STANDARD = "gnu++17";
				CLANG_CXX_LIBRARY = "libc++";
				CLANG_ENABLE_MODULES = YES;
				CLANG_ENABLE_OBJC_ARC = YES;
				CLANG_ENABLE_OBJC_WEAK = YES;
				CLANG_WARN_BLOCK_CAPTURE_AUTORELEASING = YES;
				CLANG_WARN_BOOL_CONVERSION = YES;
				CLANG_WARN_COMMA = YES;
				CLANG_WARN_CONSTANT_CONVERSION = YES;
				CLANG_WARN_DEPRECATED_OBJC_IMPLEMENTATIONS = YES;
				CLANG_WARN_DIRECT_OBJC_ISA_USAGE = YES_ERROR;
				CLANG_WARN_DOCUMENTATION_COMMENTS = YES;
				CLANG_WARN_EMPTY_BODY = YES;
				CLANG_WARN_ENUM_CONVERSION = YES;
				CLANG_WARN_INFINITE_RECURSION = YES;
				CLANG_WARN_INT_CONVERSION = YES;
				CLANG_WARN_NON_LITERAL_NULL_CONVERSION = YES;
				CLANG_WARN_OBJC_IMPLICIT_RETAIN_SELF = YES;
				CLANG_WARN_OBJC_LITERAL_CONVERSION = YES;
				CLANG_WARN_OBJC_ROOT_CLASS = YES_ERROR;
				CLANG_WARN_QUOTED_INCLUDE_IN_FRAMEWORK_HEADER = YES;
				CLANG_WARN_RANGE_LOOP_ANALYSIS = YES;
				CLANG_WARN_STRICT_PROTOTYPES = YES;
				CLANG_WARN_SUSPICIOUS_MOVE = YES;
				CLANG_WARN_UNGUARDED_AVAILABILITY = YES_AGGRESSIVE;
				CLANG_WARN_UNREACHABLE_CODE = YES;
				CLANG_WARN__DUPLICATE_METHOD_MATCH = YES;
				COPY_PHASE_STRIP = NO;
				DEBUG_INFORMATION_FORMAT = dwarf;
				ENABLE_STRICT_OBJC_MSGSEND = YES;
				ENABLE_TESTABILITY = YES;
				GCC_C_LANGUAGE_STANDARD = gnu11;
				GCC_DYNAMIC_NO_PIC = NO;
				GCC_NO_COMMON_BLOCKS = YES;
				GCC_OPTIMIZATION_LEVEL = 0;
				GCC_PREPROCESSOR_DEFINITIONS = (
					"DEBUG=1",
					"$(inherited)",
				);
				GCC_WARN_64_TO_32_BIT_CONVERSION = YES;
				GCC_WARN_ABOUT_RETURN_TYPE = YES_ERROR;
				GCC_WARN_UNDECLARED_SELECTOR = YES;
				GCC_WARN_UNINITIALIZED_AUTOS = YES_AGGRESSIVE;
				GCC_WARN_UNUSED_FUNCTION = YES;
				GCC_WARN_UNUSED_VARIABLE = YES;
				IPHONEOS_DEPLOYMENT_TARGET = 15.0;
				MTL_ENABLE_DEBUG_INFO = INCLUDE_SOURCE;
				MTL_FAST_MATH = YES;
				ONLY_ACTIVE_ARCH = YES;
				SDKROOT = iphoneos;
				SWIFT_ACTIVE_COMPILATION_CONDITIONS = DEBUG;
				SWIFT_OPTIMIZATION_LEVEL = "-Onone";
			};
			name = Debug;
		};
		2C98976A2778BB9D00AF4764 /* Release */ = {
			isa = XCBuildConfiguration;
			buildSettings = {
				ALWAYS_SEARCH_USER_PATHS = NO;
				CLANG_ANALYZER_NONNULL = YES;
				CLANG_ANALYZER_NUMBER_OBJECT_CONVERSION = YES_AGGRESSIVE;
				CLANG_CXX_LANGUAGE_STANDARD = "gnu++17";
				CLANG_CXX_LIBRARY = "libc++";
				CLANG_ENABLE_MODULES = YES;
				CLANG_ENABLE_OBJC_ARC = YES;
				CLANG_ENABLE_OBJC_WEAK = YES;
				CLANG_WARN_BLOCK_CAPTURE_AUTORELEASING = YES;
				CLANG_WARN_BOOL_CONVERSION = YES;
				CLANG_WARN_COMMA = YES;
				CLANG_WARN_CONSTANT_CONVERSION = YES;
				CLANG_WARN_DEPRECATED_OBJC_IMPLEMENTATIONS = YES;
				CLANG_WARN_DIRECT_OBJC_ISA_USAGE = YES_ERROR;
				CLANG_WARN_DOCUMENTATION_COMMENTS = YES;
				CLANG_WARN_EMPTY_BODY = YES;
				CLANG_WARN_ENUM_CONVERSION = YES;
				CLANG_WARN_INFINITE_RECURSION = YES;
				CLANG_WARN_INT_CONVERSION = YES;
				CLANG_WARN_NON_LITERAL_NULL_CONVERSION = YES;
				CLANG_WARN_OBJC_IMPLICIT_RETAIN_SELF = YES;
				CLANG_WARN_OBJC_LITERAL_CONVERSION = YES;
				CLANG_WARN_OBJC_ROOT_CLASS = YES_ERROR;
				CLANG_WARN_QUOTED_INCLUDE_IN_FRAMEWORK_HEADER = YES;
				CLANG_WARN_RANGE_LOOP_ANALYSIS = YES;
				CLANG_WARN_STRICT_PROTOTYPES = YES;
				CLANG_WARN_SUSPICIOUS_MOVE = YES;
				CLANG_WARN_UNGUARDED_AVAILABILITY = YES_AGGRESSIVE;
				CLANG_WARN_UNREACHABLE_CODE = YES;
				CLANG_WARN__DUPLICATE_METHOD_MATCH = YES;
				COPY_PHASE_STRIP = NO;
				DEBUG_INFORMATION_FORMAT = "dwarf-with-dsym";
				ENABLE_NS_ASSERTIONS = NO;
				ENABLE_STRICT_OBJC_MSGSEND = YES;
				GCC_C_LANGUAGE_STANDARD = gnu11;
				GCC_NO_COMMON_BLOCKS = YES;
				GCC_WARN_64_TO_32_BIT_CONVERSION = YES;
				GCC_WARN_ABOUT_RETURN_TYPE = YES_ERROR;
				GCC_WARN_UNDECLARED_SELECTOR = YES;
				GCC_WARN_UNINITIALIZED_AUTOS = YES_AGGRESSIVE;
				GCC_WARN_UNUSED_FUNCTION = YES;
				GCC_WARN_UNUSED_VARIABLE = YES;
				IPHONEOS_DEPLOYMENT_TARGET = 15.0;
				MTL_ENABLE_DEBUG_INFO = NO;
				MTL_FAST_MATH = YES;
				SDKROOT = iphoneos;
				SWIFT_COMPILATION_MODE = wholemodule;
				SWIFT_OPTIMIZATION_LEVEL = "-O";
				VALIDATE_PRODUCT = YES;
			};
			name = Release;
		};
		2C98976C2778BB9D00AF4764 /* Debug */ = {
			isa = XCBuildConfiguration;
			baseConfigurationReference = 00B6D2A174DB3F67BC0BFC16 /* Pods-Alamofire-sample0.debug.xcconfig */;
			buildSettings = {
				ASSETCATALOG_COMPILER_APPICON_NAME = AppIcon;
				ASSETCATALOG_COMPILER_GLOBAL_ACCENT_COLOR_NAME = AccentColor;
				CODE_SIGN_STYLE = Automatic;
				CURRENT_PROJECT_VERSION = 1;
				DEVELOPMENT_TEAM = VYY6NT3X7Q;
				GENERATE_INFOPLIST_FILE = YES;
				INFOPLIST_FILE = "Alamofire-sample0/Info.plist";
				INFOPLIST_KEY_UIApplicationSupportsIndirectInputEvents = YES;
				INFOPLIST_KEY_UILaunchStoryboardName = LaunchScreen;
				INFOPLIST_KEY_UIMainStoryboardFile = Main;
				INFOPLIST_KEY_UISupportedInterfaceOrientations_iPad = "UIInterfaceOrientationPortrait UIInterfaceOrientationPortraitUpsideDown UIInterfaceOrientationLandscapeLeft UIInterfaceOrientationLandscapeRight";
				INFOPLIST_KEY_UISupportedInterfaceOrientations_iPhone = "UIInterfaceOrientationPortrait UIInterfaceOrientationLandscapeLeft UIInterfaceOrientationLandscapeRight";
				LD_RUNPATH_SEARCH_PATHS = (
					"$(inherited)",
					"@executable_path/Frameworks",
				);
				MARKETING_VERSION = 1.0;
				PRODUCT_BUNDLE_IDENTIFIER = "app.akki.ito.Alamofire-sample0";
				PRODUCT_NAME = "$(TARGET_NAME)";
				SWIFT_EMIT_LOC_STRINGS = YES;
				SWIFT_VERSION = 5.0;
				TARGETED_DEVICE_FAMILY = "1,2";
			};
			name = Debug;
		};
		2C98976D2778BB9D00AF4764 /* Release */ = {
			isa = XCBuildConfiguration;
			baseConfigurationReference = A39992732550136E8FA3DA04 /* Pods-Alamofire-sample0.release.xcconfig */;
			buildSettings = {
				ASSETCATALOG_COMPILER_APPICON_NAME = AppIcon;
				ASSETCATALOG_COMPILER_GLOBAL_ACCENT_COLOR_NAME = AccentColor;
				CODE_SIGN_STYLE = Automatic;
				CURRENT_PROJECT_VERSION = 1;
				DEVELOPMENT_TEAM = VYY6NT3X7Q;
				GENERATE_INFOPLIST_FILE = YES;
				INFOPLIST_FILE = "Alamofire-sample0/Info.plist";
				INFOPLIST_KEY_UIApplicationSupportsIndirectInputEvents = YES;
				INFOPLIST_KEY_UILaunchStoryboardName = LaunchScreen;
				INFOPLIST_KEY_UIMainStoryboardFile = Main;
				INFOPLIST_KEY_UISupportedInterfaceOrientations_iPad = "UIInterfaceOrientationPortrait UIInterfaceOrientationPortraitUpsideDown UIInterfaceOrientationLandscapeLeft UIInterfaceOrientationLandscapeRight";
				INFOPLIST_KEY_UISupportedInterfaceOrientations_iPhone = "UIInterfaceOrientationPortrait UIInterfaceOrientationLandscapeLeft UIInterfaceOrientationLandscapeRight";
				LD_RUNPATH_SEARCH_PATHS = (
					"$(inherited)",
					"@executable_path/Frameworks",
				);
				MARKETING_VERSION = 1.0;
				PRODUCT_BUNDLE_IDENTIFIER = "app.akki.ito.Alamofire-sample0";
				PRODUCT_NAME = "$(TARGET_NAME)";
				SWIFT_EMIT_LOC_STRINGS = YES;
				SWIFT_VERSION = 5.0;
				TARGETED_DEVICE_FAMILY = "1,2";
			};
			name = Release;
		};
		2C98976F2778BB9D00AF4764 /* Debug */ = {
			isa = XCBuildConfiguration;
			baseConfigurationReference = A97BDCC330609848A1C74CBB /* Pods-Alamofire-sample0Tests.debug.xcconfig */;
			buildSettings = {
				ALWAYS_EMBED_SWIFT_STANDARD_LIBRARIES = YES;
				BUNDLE_LOADER = "$(TEST_HOST)";
				CODE_SIGN_STYLE = Automatic;
				CURRENT_PROJECT_VERSION = 1;
				DEVELOPMENT_TEAM = VYY6NT3X7Q;
				GENERATE_INFOPLIST_FILE = YES;
				IPHONEOS_DEPLOYMENT_TARGET = 15.0;
				LD_RUNPATH_SEARCH_PATHS = (
					"$(inherited)",
					"@executable_path/Frameworks",
					"@loader_path/Frameworks",
				);
				MARKETING_VERSION = 1.0;
				PRODUCT_BUNDLE_IDENTIFIER = "app.akki.ito.Alamofire-sample0Tests";
				PRODUCT_NAME = "$(TARGET_NAME)";
				SWIFT_EMIT_LOC_STRINGS = NO;
				SWIFT_VERSION = 5.0;
				TARGETED_DEVICE_FAMILY = "1,2";
				TEST_HOST = "$(BUILT_PRODUCTS_DIR)/Alamofire-sample0.app/Alamofire-sample0";
			};
			name = Debug;
		};
		2C9897702778BB9D00AF4764 /* Release */ = {
			isa = XCBuildConfiguration;
			baseConfigurationReference = 388A4139BE01E281D88BC4E1 /* Pods-Alamofire-sample0Tests.release.xcconfig */;
			buildSettings = {
				ALWAYS_EMBED_SWIFT_STANDARD_LIBRARIES = YES;
				BUNDLE_LOADER = "$(TEST_HOST)";
				CODE_SIGN_STYLE = Automatic;
				CURRENT_PROJECT_VERSION = 1;
				DEVELOPMENT_TEAM = VYY6NT3X7Q;
				GENERATE_INFOPLIST_FILE = YES;
				IPHONEOS_DEPLOYMENT_TARGET = 15.0;
				LD_RUNPATH_SEARCH_PATHS = (
					"$(inherited)",
					"@executable_path/Frameworks",
					"@loader_path/Frameworks",
				);
				MARKETING_VERSION = 1.0;
				PRODUCT_BUNDLE_IDENTIFIER = "app.akki.ito.Alamofire-sample0Tests";
				PRODUCT_NAME = "$(TARGET_NAME)";
				SWIFT_EMIT_LOC_STRINGS = NO;
				SWIFT_VERSION = 5.0;
				TARGETED_DEVICE_FAMILY = "1,2";
				TEST_HOST = "$(BUILT_PRODUCTS_DIR)/Alamofire-sample0.app/Alamofire-sample0";
			};
			name = Release;
		};
		2C9897722778BB9D00AF4764 /* Debug */ = {
			isa = XCBuildConfiguration;
			baseConfigurationReference = 810B92060B88912CCD3DD4F6 /* Pods-Alamofire-sample0-Alamofire-sample0UITests.debug.xcconfig */;
			buildSettings = {
				ALWAYS_EMBED_SWIFT_STANDARD_LIBRARIES = YES;
				CODE_SIGN_STYLE = Automatic;
				CURRENT_PROJECT_VERSION = 1;
				DEVELOPMENT_TEAM = VYY6NT3X7Q;
				GENERATE_INFOPLIST_FILE = YES;
				LD_RUNPATH_SEARCH_PATHS = (
					"$(inherited)",
					"@executable_path/Frameworks",
					"@loader_path/Frameworks",
				);
				MARKETING_VERSION = 1.0;
				PRODUCT_BUNDLE_IDENTIFIER = "app.akki.ito.Alamofire-sample0UITests";
				PRODUCT_NAME = "$(TARGET_NAME)";
				SWIFT_EMIT_LOC_STRINGS = NO;
				SWIFT_VERSION = 5.0;
				TARGETED_DEVICE_FAMILY = "1,2";
				TEST_TARGET_NAME = "Alamofire-sample0";
			};
			name = Debug;
		};
		2C9897732778BB9D00AF4764 /* Release */ = {
			isa = XCBuildConfiguration;
			baseConfigurationReference = 0BAE47A4F680C4A3CB4E3592 /* Pods-Alamofire-sample0-Alamofire-sample0UITests.release.xcconfig */;
			buildSettings = {
				ALWAYS_EMBED_SWIFT_STANDARD_LIBRARIES = YES;
				CODE_SIGN_STYLE = Automatic;
				CURRENT_PROJECT_VERSION = 1;
				DEVELOPMENT_TEAM = VYY6NT3X7Q;
				GENERATE_INFOPLIST_FILE = YES;
				LD_RUNPATH_SEARCH_PATHS = (
					"$(inherited)",
					"@executable_path/Frameworks",
					"@loader_path/Frameworks",
				);
				MARKETING_VERSION = 1.0;
				PRODUCT_BUNDLE_IDENTIFIER = "app.akki.ito.Alamofire-sample0UITests";
				PRODUCT_NAME = "$(TARGET_NAME)";
				SWIFT_EMIT_LOC_STRINGS = NO;
				SWIFT_VERSION = 5.0;
				TARGETED_DEVICE_FAMILY = "1,2";
				TEST_TARGET_NAME = "Alamofire-sample0";
			};
			name = Release;
		};
/* End XCBuildConfiguration section */

/* Begin XCConfigurationList section */
		2C98973C2778BB9A00AF4764 /* Build configuration list for PBXProject "Alamofire-sample0" */ = {
			isa = XCConfigurationList;
			buildConfigurations = (
				2C9897692778BB9D00AF4764 /* Debug */,
				2C98976A2778BB9D00AF4764 /* Release */,
			);
			defaultConfigurationIsVisible = 0;
			defaultConfigurationName = Release;
		};
		2C98976B2778BB9D00AF4764 /* Build configuration list for PBXNativeTarget "Alamofire-sample0" */ = {
			isa = XCConfigurationList;
			buildConfigurations = (
				2C98976C2778BB9D00AF4764 /* Debug */,
				2C98976D2778BB9D00AF4764 /* Release */,
			);
			defaultConfigurationIsVisible = 0;
			defaultConfigurationName = Release;
		};
		2C98976E2778BB9D00AF4764 /* Build configuration list for PBXNativeTarget "Alamofire-sample0Tests" */ = {
			isa = XCConfigurationList;
			buildConfigurations = (
				2C98976F2778BB9D00AF4764 /* Debug */,
				2C9897702778BB9D00AF4764 /* Release */,
			);
			defaultConfigurationIsVisible = 0;
			defaultConfigurationName = Release;
		};
		2C9897712778BB9D00AF4764 /* Build configuration list for PBXNativeTarget "Alamofire-sample0UITests" */ = {
			isa = XCConfigurationList;
			buildConfigurations = (
				2C9897722778BB9D00AF4764 /* Debug */,
				2C9897732778BB9D00AF4764 /* Release */,
			);
			defaultConfigurationIsVisible = 0;
			defaultConfigurationName = Release;
		};
/* End XCConfigurationList section */
	};
	rootObject = 2C9897392778BB9A00AF4764 /* Project object */;
}
